
Microsoft Visual Studio Solution File, Format Version 12.00
# Visual Studio 14
VisualStudioVersion = 14.0.24720.0
MinimumVisualStudioVersion = 10.0.40219.1
Project("{FAE04EC0-301F-11D3-BF4B-00C04F79EFBC}") = "WarArena", "WarArena\WarArena.csproj", "{E6E511B0-F0ED-44C6-819A-909699112CFA}"
EndProject
Project("{FAE04EC0-301F-11D3-BF4B-00C04F79EFBC}") = "WwaLibrary", "WwaLibrary\WwaLibrary.csproj", "{94112948-9046-4A64-B86F-73BC944FDF35}"
EndProject
Project("{FAE04EC0-301F-11D3-BF4B-00C04F79EFBC}") = "WarArenaClient", "WarArenaClient\WarArenaClient\WarArenaClient.csproj", "{BEAB110F-3648-40D4-917F-12E07A2A27EC}"
EndProject
Project("{FAE04EC0-301F-11D3-BF4B-00C04F79EFBC}") = "WarArenaMasterServer", "WarArenaMasterServer\WarArenaMasterServer.csproj", "{2175D34C-6A8D-42E4-8ACB-4DE6A4CA43FA}"
EndProject
Project("{FAE04EC0-301F-11D3-BF4B-00C04F79EFBC}") = "WarArenaDbLibrary", "WarArenaDbLibrary\WarArenaDbLibrary.csproj", "{03D6F8F9-5693-42FC-8EFB-9EA3FE45066E}"
EndProject
Project("{FAE04EC0-301F-11D3-BF4B-00C04F79EFBC}") = "WwaServiceLibrary", "WwaServiceLibrary\WwaServiceLibrary.csproj", "{26A3CAA2-E44C-45D4-B123-736E6FC41910}"
EndProject
Project("{FAE04EC0-301F-11D3-BF4B-00C04F79EFBC}") = "WwaService", "WwaService\WwaService.csproj", "{8FF0BE62-6337-4CD3-AF90-F86D112D07A6}"
EndProject
Project("{FAE04EC0-301F-11D3-BF4B-00C04F79EFBC}") = "TestClient", "TestClient\TestClient.csproj", "{72F00F9A-B3D3-4A4B-B964-9C82331E0C6A}"
	ProjectSection(ProjectDependencies) = postProject
		{8FF0BE62-6337-4CD3-AF90-F86D112D07A6} = {8FF0BE62-6337-4CD3-AF90-F86D112D07A6}
	EndProjectSection
EndProject
Global
	GlobalSection(SolutionConfigurationPlatforms) = preSolution
		Debug|Any CPU = Debug|Any CPU
		Release|Any CPU = Release|Any CPU
	EndGlobalSection
	GlobalSection(ProjectConfigurationPlatforms) = postSolution
		{E6E511B0-F0ED-44C6-819A-909699112CFA}.Debug|Any CPU.ActiveCfg = Debug|Any CPU
		{E6E511B0-F0ED-44C6-819A-909699112CFA}.Debug|Any CPU.Build.0 = Debug|Any CPU
		{E6E511B0-F0ED-44C6-819A-909699112CFA}.Release|Any CPU.ActiveCfg = Release|Any CPU
		{E6E511B0-F0ED-44C6-819A-909699112CFA}.Release|Any CPU.Build.0 = Release|Any CPU
		{94112948-9046-4A64-B86F-73BC944FDF35}.Debug|Any CPU.ActiveCfg = Debug|Any CPU
		{94112948-9046-4A64-B86F-73BC944FDF35}.Debug|Any CPU.Build.0 = Debug|Any CPU
		{94112948-9046-4A64-B86F-73BC944FDF35}.Release|Any CPU.ActiveCfg = Release|Any CPU
		{94112948-9046-4A64-B86F-73BC944FDF35}.Release|Any CPU.Build.0 = Release|Any CPU
		{BEAB110F-3648-40D4-917F-12E07A2A27EC}.Debug|Any CPU.ActiveCfg = Debug|Any CPU
		{BEAB110F-3648-40D4-917F-12E07A2A27EC}.Debug|Any CPU.Build.0 = Debug|Any CPU
		{BEAB110F-3648-40D4-917F-12E07A2A27EC}.Release|Any CPU.ActiveCfg = Release|Any CPU
		{BEAB110F-3648-40D4-917F-12E07A2A27EC}.Release|Any CPU.Build.0 = Release|Any CPU
		{2175D34C-6A8D-42E4-8ACB-4DE6A4CA43FA}.Debug|Any CPU.ActiveCfg = Debug|Any CPU
		{2175D34C-6A8D-42E4-8ACB-4DE6A4CA43FA}.Debug|Any CPU.Build.0 = Debug|Any CPU
		{2175D34C-6A8D-42E4-8ACB-4DE6A4CA43FA}.Release|Any CPU.ActiveCfg = Release|Any CPU
		{2175D34C-6A8D-42E4-8ACB-4DE6A4CA43FA}.Release|Any CPU.Build.0 = Release|Any CPU
		{03D6F8F9-5693-42FC-8EFB-9EA3FE45066E}.Debug|Any CPU.ActiveCfg = Debug|Any CPU
		{03D6F8F9-5693-42FC-8EFB-9EA3FE45066E}.Debug|Any CPU.Build.0 = Debug|Any CPU
		{03D6F8F9-5693-42FC-8EFB-9EA3FE45066E}.Release|Any CPU.ActiveCfg = Release|Any CPU
		{03D6F8F9-5693-42FC-8EFB-9EA3FE45066E}.Release|Any CPU.Build.0 = Release|Any CPU
		{26A3CAA2-E44C-45D4-B123-736E6FC41910}.Debug|Any CPU.ActiveCfg = Debug|Any CPU
		{26A3CAA2-E44C-45D4-B123-736E6FC41910}.Debug|Any CPU.Build.0 = Debug|Any CPU
		{26A3CAA2-E44C-45D4-B123-736E6FC41910}.Release|Any CPU.ActiveCfg = Release|Any CPU
		{26A3CAA2-E44C-45D4-B123-736E6FC41910}.Release|Any CPU.Build.0 = Release|Any CPU
		{8FF0BE62-6337-4CD3-AF90-F86D112D07A6}.Debug|Any CPU.ActiveCfg = Debug|Any CPU
		{8FF0BE62-6337-4CD3-AF90-F86D112D07A6}.Debug|Any CPU.Build.0 = Debug|Any CPU
		{8FF0BE62-6337-4CD3-AF90-F86D112D07A6}.Release|Any CPU.ActiveCfg = Release|Any CPU
		{8FF0BE62-6337-4CD3-AF90-F86D112D07A6}.Release|Any CPU.Build.0 = Release|Any CPU
		{72F00F9A-B3D3-4A4B-B964-9C82331E0C6A}.Debug|Any CPU.ActiveCfg = Debug|Any CPU
		{72F00F9A-B3D3-4A4B-B964-9C82331E0C6A}.Debug|Any CPU.Build.0 = Debug|Any CPU
		{72F00F9A-B3D3-4A4B-B964-9C82331E0C6A}.Release|Any CPU.ActiveCfg = Release|Any CPU
		{72F00F9A-B3D3-4A4B-B964-9C82331E0C6A}.Release|Any CPU.Build.0 = Release|Any CPU
	EndGlobalSection
	GlobalSection(SolutionProperties) = preSolution
		HideSolutionNode = FALSE
	EndGlobalSection
EndGlobal
